<?xml version="1.0" encoding="utf-8"?>
<Project ToolsVersion="4.0" xmlns="http://schemas.microsoft.com/developer/msbuild/2003">
  <ItemGroup>
    <Filter Include="Source Files">
      <UniqueIdentifier>{4FC737F1-C7A5-4376-A066-2A32D752A2FF}</UniqueIdentifier>
      <Extensions>cpp;c;cc;cxx;c++;cppm;ixx;def;odl;idl;hpj;bat;asm;asmx</Extensions>
    </Filter>
    <Filter Include="Header Files">
      <UniqueIdentifier>{93995380-89BD-4b04-88EB-625FBE52EBFB}</UniqueIdentifier>
      <Extensions>h;hh;hpp;hxx;h++;hm;inl;inc;ipp;xsd</Extensions>
    </Filter>
    <Filter Include="Resource Files">
      <UniqueIdentifier>{67DA6AB6-F800-4c08-8B7A-83BB121AAD01}</UniqueIdentifier>
      <Extensions>rc;ico;cur;bmp;dlg;rc2;rct;bin;rgs;gif;jpg;jpeg;jpe;resx;tiff;tif;png;wav;mfcribbon-ms</Extensions>
    </Filter>
    <Filter Include="Source Files\macro">
      <UniqueIdentifier>{94af953a-75af-479a-9d2b-834bb2c71d7f}</UniqueIdentifier>
    </Filter>
    <Filter Include="Source Files\board">
      <UniqueIdentifier>{71fcd711-73f9-4d50-b162-0746091db7fb}</UniqueIdentifier>
    </Filter>
    <Filter Include="Source Files\movelist">
      <UniqueIdentifier>{b0e57fcd-6f1a-448e-948e-d38444320f75}</UniqueIdentifier>
    </Filter>
    <Filter Include="Source Files\perft">
      <UniqueIdentifier>{36d27685-9a15-42ea-ace2-86c33a2ce492}</UniqueIdentifier>
    </Filter>
    <Filter Include="Source Files\uci">
      <UniqueIdentifier>{dc395bee-f685-4efe-b690-c7dbb81da2a9}</UniqueIdentifier>
    </Filter>
  </ItemGroup>
  <ItemGroup>
    <ClCompile Include="Source.cpp">
      <Filter>Source Files</Filter>
    </ClCompile>
    <ClCompile Include="macro.cpp">
      <Filter>Source Files\macro</Filter>
    </ClCompile>
    <ClCompile Include="board.cpp">
      <Filter>Source Files\board</Filter>
    </ClCompile>
    <ClCompile Include="movelist.cpp">
      <Filter>Source Files\movelist</Filter>
    </ClCompile>
    <ClCompile Include="perft.cpp">
      <Filter>Source Files\perft</Filter>
    </ClCompile>
    <ClCompile Include="uci.cpp">
      <Filter>Source Files\uci</Filter>
    </ClCompile>
    <ClCompile Include="boardeval.cpp">
      <Filter>Source Files\board</Filter>
    </ClCompile>
  </ItemGroup>
  <ItemGroup>
    <ClInclude Include="precalculated.h">
      <Filter>Source Files</Filter>
    </ClInclude>
    <ClInclude Include="macro.h">
      <Filter>Source Files\macro</Filter>
    </ClInclude>
    <ClInclude Include="attackTable.h">
      <Filter>Source Files</Filter>
    </ClInclude>
    <ClInclude Include="board.h">
      <Filter>Source Files\board</Filter>
    </ClInclude>
    <ClInclude Include="movelist.h">
      <Filter>Source Files\movelist</Filter>
    </ClInclude>
    <ClInclude Include="perft.h">
      <Filter>Source Files\perft</Filter>
    </ClInclude>
    <ClInclude Include="uci.h">
      <Filter>Source Files\uci</Filter>
    </ClInclude>
    <ClInclude Include="evaluation.h">
      <Filter>Source Files</Filter>
    </ClInclude>
  </ItemGroup>
  <ItemGroup>
    <Text Include="precalculated.txt">
      <Filter>Resource Files</Filter>
    </Text>
  </ItemGroup>
</Project>